{
  "nodes": {
    "nixpkgs": {
      "locked": {
        "lastModified": 1687977148,
        "narHash": "sha256-gUcXiU2GgjYIc65GOIemdBJZ+lkQxuyIh7OkR9j0gCo=",
        "owner": "nixos",
        "repo": "nixpkgs",
        "rev": "60a783e00517fce85c42c8c53fe0ed05ded5b2a4",
        "type": "github"
      },
      "original": {
        "owner": "nixos",
        "ref": "nixpkgs-unstable",
        "repo": "nixpkgs",
        "type": "github"
      }
    },
    "root": {
      "inputs": {
        "nixpkgs": "nixpkgs"
      }
    }
  },
  "root": "root",
  "version": 7
}
